// !$*UTF8*$!
{
	archiveVersion = 1;
	classes = {
	};
	objectVersion = 50;
	objects = {

/* Begin PBXBuildFile section */
		6A8B24842194F4F1002BBF7D /* GlobalVariables.swift in Sources */ = {isa = PBXBuildFile; fileRef = 6A8B24832194F4F1002BBF7D /* GlobalVariables.swift */; };
		6AC92C4021837E6300A4C306 /* AppDelegate.swift in Sources */ = {isa = PBXBuildFile; fileRef = 6AC92C3F21837E6300A4C306 /* AppDelegate.swift */; };
		6AC92C4221837E6300A4C306 /* ViewController.swift in Sources */ = {isa = PBXBuildFile; fileRef = 6AC92C4121837E6300A4C306 /* ViewController.swift */; };
		6AC92C4521837E6300A4C306 /* Main.storyboard in Resources */ = {isa = PBXBuildFile; fileRef = 6AC92C4321837E6300A4C306 /* Main.storyboard */; };
		6AC92C4821837E6300A4C306 /* iMovie_Night.xcdatamodeld in Sources */ = {isa = PBXBuildFile; fileRef = 6AC92C4621837E6300A4C306 /* iMovie_Night.xcdatamodeld */; };
		6AC92C4A21837E6400A4C306 /* Assets.xcassets in Resources */ = {isa = PBXBuildFile; fileRef = 6AC92C4921837E6400A4C306 /* Assets.xcassets */; };
		6AC92C4D21837E6400A4C306 /* LaunchScreen.storyboard in Resources */ = {isa = PBXBuildFile; fileRef = 6AC92C4B21837E6400A4C306 /* LaunchScreen.storyboard */; };
		6AC92C6D21837EBF00A4C306 /* Alamofire.framework in Frameworks */ = {isa = PBXBuildFile; fileRef = 6AC92C6021837E9400A4C306 /* Alamofire.framework */; };
		6AC92C6E21837EBF00A4C306 /* Alamofire.framework in Embed Frameworks */ = {isa = PBXBuildFile; fileRef = 6AC92C6021837E9400A4C306 /* Alamofire.framework */; settings = {ATTRIBUTES = (CodeSignOnCopy, RemoveHeadersOnCopy, ); }; };
		6AC92C782183875700A4C306 /* Snack.swift in Sources */ = {isa = PBXBuildFile; fileRef = 6AC92C772183875700A4C306 /* Snack.swift */; };
		6AC92C7A2183876E00A4C306 /* MediaContent.swift in Sources */ = {isa = PBXBuildFile; fileRef = 6AC92C792183876E00A4C306 /* MediaContent.swift */; };
		6AC92C7D218388AA00A4C306 /* Snacklist.swift in Sources */ = {isa = PBXBuildFile; fileRef = 6AC92C7C218388AA00A4C306 /* Snacklist.swift */; };
		6AC92C7F218388C000A4C306 /* Playlist.swift in Sources */ = {isa = PBXBuildFile; fileRef = 6AC92C7E218388C000A4C306 /* Playlist.swift */; };
		6AC92C8121838B7600A4C306 /* Responsibility.swift in Sources */ = {isa = PBXBuildFile; fileRef = 6AC92C8021838B7600A4C306 /* Responsibility.swift */; };
		6AC92C83218392F600A4C306 /* Event.swift in Sources */ = {isa = PBXBuildFile; fileRef = 6AC92C82218392F600A4C306 /* Event.swift */; };
		6AC92C852183974400A4C306 /* User.swift in Sources */ = {isa = PBXBuildFile; fileRef = 6AC92C842183974400A4C306 /* User.swift */; };
		6AC92C872183976400A4C306 /* Rol.swift in Sources */ = {isa = PBXBuildFile; fileRef = 6AC92C862183976400A4C306 /* Rol.swift */; };
		6AC92C8921839D5700A4C306 /* Title.swift in Sources */ = {isa = PBXBuildFile; fileRef = 6AC92C8821839D5700A4C306 /* Title.swift */; };
		6AC92C8B2183A18400A4C306 /* MovieNightResponse.swift in Sources */ = {isa = PBXBuildFile; fileRef = 6AC92C8A2183A18400A4C306 /* MovieNightResponse.swift */; };
		6AC92C8F2183A38600A4C306 /* SearchResponse.swift in Sources */ = {isa = PBXBuildFile; fileRef = 6AC92C8E2183A38600A4C306 /* SearchResponse.swift */; };
		6AC92C912183B4B900A4C306 /* OmdbApi.swift in Sources */ = {isa = PBXBuildFile; fileRef = 6AC92C902183B4B900A4C306 /* OmdbApi.swift */; };
		6AC92C932183B87400A4C306 /* MovieNightApi.swift in Sources */ = {isa = PBXBuildFile; fileRef = 6AC92C922183B87400A4C306 /* MovieNightApi.swift */; };
		6AF9317F2192C69F007B4C43 /* SigninResponse.swift in Sources */ = {isa = PBXBuildFile; fileRef = 6AF9317E2192C69F007B4C43 /* SigninResponse.swift */; };
		CDCE2FF5218B9E150050BE21 /* LoginViewController.swift in Sources */ = {isa = PBXBuildFile; fileRef = CDCE2FF4218B9E150050BE21 /* LoginViewController.swift */; };
		CDCE2FFE218B9E580050BE21 /* RegisterViewController.swift in Sources */ = {isa = PBXBuildFile; fileRef = CDCE2FFD218B9E580050BE21 /* RegisterViewController.swift */; };
/* End PBXBuildFile section */

/* Begin PBXContainerItemProxy section */
		6AC92C5F21837E9400A4C306 /* PBXContainerItemProxy */ = {
			isa = PBXContainerItemProxy;
			containerPortal = 6AC92C5421837E9400A4C306 /* Alamofire.xcodeproj */;
			proxyType = 2;
			remoteGlobalIDString = F8111E3319A95C8B0040E7D1;
			remoteInfo = "Alamofire iOS";
		};
		6AC92C6121837E9400A4C306 /* PBXContainerItemProxy */ = {
			isa = PBXContainerItemProxy;
			containerPortal = 6AC92C5421837E9400A4C306 /* Alamofire.xcodeproj */;
			proxyType = 2;
			remoteGlobalIDString = F8111E3E19A95C8B0040E7D1;
			remoteInfo = "Alamofire iOS Tests";
		};
		6AC92C6321837E9400A4C306 /* PBXContainerItemProxy */ = {
			isa = PBXContainerItemProxy;
			containerPortal = 6AC92C5421837E9400A4C306 /* Alamofire.xcodeproj */;
			proxyType = 2;
			remoteGlobalIDString = 4DD67C0B1A5C55C900ED2280;
			remoteInfo = "Alamofire macOS";
		};
		6AC92C6521837E9400A4C306 /* PBXContainerItemProxy */ = {
			isa = PBXContainerItemProxy;
			containerPortal = 6AC92C5421837E9400A4C306 /* Alamofire.xcodeproj */;
			proxyType = 2;
			remoteGlobalIDString = F829C6B21A7A94F100A2CD59;
			remoteInfo = "Alamofire macOS Tests";
		};
		6AC92C6721837E9400A4C306 /* PBXContainerItemProxy */ = {
			isa = PBXContainerItemProxy;
			containerPortal = 6AC92C5421837E9400A4C306 /* Alamofire.xcodeproj */;
			proxyType = 2;
			remoteGlobalIDString = 4CF626EF1BA7CB3E0011A099;
			remoteInfo = "Alamofire tvOS";
		};
		6AC92C6921837E9400A4C306 /* PBXContainerItemProxy */ = {
			isa = PBXContainerItemProxy;
			containerPortal = 6AC92C5421837E9400A4C306 /* Alamofire.xcodeproj */;
			proxyType = 2;
			remoteGlobalIDString = 4CF626F81BA7CB3E0011A099;
			remoteInfo = "Alamofire tvOS Tests";
		};
		6AC92C6B21837E9400A4C306 /* PBXContainerItemProxy */ = {
			isa = PBXContainerItemProxy;
			containerPortal = 6AC92C5421837E9400A4C306 /* Alamofire.xcodeproj */;
			proxyType = 2;
			remoteGlobalIDString = E4202FE01B667AA100C997FB;
			remoteInfo = "Alamofire watchOS";
		};
		6AC92C6F21837EBF00A4C306 /* PBXContainerItemProxy */ = {
			isa = PBXContainerItemProxy;
			containerPortal = 6AC92C5421837E9400A4C306 /* Alamofire.xcodeproj */;
			proxyType = 1;
			remoteGlobalIDString = F8111E3219A95C8B0040E7D1;
			remoteInfo = "Alamofire iOS";
		};
/* End PBXContainerItemProxy section */

/* Begin PBXCopyFilesBuildPhase section */
		6AC92C7121837EBF00A4C306 /* Embed Frameworks */ = {
			isa = PBXCopyFilesBuildPhase;
			buildActionMask = 2147483647;
			dstPath = "";
			dstSubfolderSpec = 10;
			files = (
				6AC92C6E21837EBF00A4C306 /* Alamofire.framework in Embed Frameworks */,
			);
			name = "Embed Frameworks";
			runOnlyForDeploymentPostprocessing = 0;
		};
/* End PBXCopyFilesBuildPhase section */

/* Begin PBXFileReference section */
		6A8B24832194F4F1002BBF7D /* GlobalVariables.swift */ = {isa = PBXFileReference; lastKnownFileType = sourcecode.swift; path = GlobalVariables.swift; sourceTree = "<group>"; };
		6AC92C3C21837E6300A4C306 /* iMovie_Night.app */ = {isa = PBXFileReference; explicitFileType = wrapper.application; includeInIndex = 0; path = iMovie_Night.app; sourceTree = BUILT_PRODUCTS_DIR; };
		6AC92C3F21837E6300A4C306 /* AppDelegate.swift */ = {isa = PBXFileReference; lastKnownFileType = sourcecode.swift; path = AppDelegate.swift; sourceTree = "<group>"; };
		6AC92C4121837E6300A4C306 /* ViewController.swift */ = {isa = PBXFileReference; lastKnownFileType = sourcecode.swift; path = ViewController.swift; sourceTree = "<group>"; };
		6AC92C4421837E6300A4C306 /* Base */ = {isa = PBXFileReference; lastKnownFileType = file.storyboard; name = Base; path = Base.lproj/Main.storyboard; sourceTree = "<group>"; };
		6AC92C4721837E6300A4C306 /* iMovie_Night.xcdatamodel */ = {isa = PBXFileReference; lastKnownFileType = wrapper.xcdatamodel; path = iMovie_Night.xcdatamodel; sourceTree = "<group>"; };
		6AC92C4921837E6400A4C306 /* Assets.xcassets */ = {isa = PBXFileReference; lastKnownFileType = folder.assetcatalog; path = Assets.xcassets; sourceTree = "<group>"; };
		6AC92C4C21837E6400A4C306 /* Base */ = {isa = PBXFileReference; lastKnownFileType = file.storyboard; name = Base; path = Base.lproj/LaunchScreen.storyboard; sourceTree = "<group>"; };
		6AC92C4E21837E6400A4C306 /* Info.plist */ = {isa = PBXFileReference; lastKnownFileType = text.plist.xml; path = Info.plist; sourceTree = "<group>"; };
		6AC92C5421837E9400A4C306 /* Alamofire.xcodeproj */ = {isa = PBXFileReference; lastKnownFileType = "wrapper.pb-project"; name = Alamofire.xcodeproj; path = Alamofire/Alamofire.xcodeproj; sourceTree = "<group>"; };
		6AC92C772183875700A4C306 /* Snack.swift */ = {isa = PBXFileReference; lastKnownFileType = sourcecode.swift; path = Snack.swift; sourceTree = "<group>"; };
		6AC92C792183876E00A4C306 /* MediaContent.swift */ = {isa = PBXFileReference; lastKnownFileType = sourcecode.swift; path = MediaContent.swift; sourceTree = "<group>"; };
		6AC92C7C218388AA00A4C306 /* Snacklist.swift */ = {isa = PBXFileReference; lastKnownFileType = sourcecode.swift; path = Snacklist.swift; sourceTree = "<group>"; };
		6AC92C7E218388C000A4C306 /* Playlist.swift */ = {isa = PBXFileReference; lastKnownFileType = sourcecode.swift; path = Playlist.swift; sourceTree = "<group>"; };
		6AC92C8021838B7600A4C306 /* Responsibility.swift */ = {isa = PBXFileReference; lastKnownFileType = sourcecode.swift; path = Responsibility.swift; sourceTree = "<group>"; };
		6AC92C82218392F600A4C306 /* Event.swift */ = {isa = PBXFileReference; lastKnownFileType = sourcecode.swift; path = Event.swift; sourceTree = "<group>"; };
		6AC92C842183974400A4C306 /* User.swift */ = {isa = PBXFileReference; lastKnownFileType = sourcecode.swift; path = User.swift; sourceTree = "<group>"; };
		6AC92C862183976400A4C306 /* Rol.swift */ = {isa = PBXFileReference; lastKnownFileType = sourcecode.swift; path = Rol.swift; sourceTree = "<group>"; };
		6AC92C8821839D5700A4C306 /* Title.swift */ = {isa = PBXFileReference; lastKnownFileType = sourcecode.swift; path = Title.swift; sourceTree = "<group>"; };
		6AC92C8A2183A18400A4C306 /* MovieNightResponse.swift */ = {isa = PBXFileReference; lastKnownFileType = sourcecode.swift; path = MovieNightResponse.swift; sourceTree = "<group>"; };
		6AC92C8E2183A38600A4C306 /* SearchResponse.swift */ = {isa = PBXFileReference; lastKnownFileType = sourcecode.swift; path = SearchResponse.swift; sourceTree = "<group>"; };
		6AC92C902183B4B900A4C306 /* OmdbApi.swift */ = {isa = PBXFileReference; lastKnownFileType = sourcecode.swift; path = OmdbApi.swift; sourceTree = "<group>"; };
		6AC92C922183B87400A4C306 /* MovieNightApi.swift */ = {isa = PBXFileReference; lastKnownFileType = sourcecode.swift; path = MovieNightApi.swift; sourceTree = "<group>"; };
		6AF9317E2192C69F007B4C43 /* SigninResponse.swift */ = {isa = PBXFileReference; lastKnownFileType = sourcecode.swift; path = SigninResponse.swift; sourceTree = "<group>"; };
		CDCE2FF4218B9E150050BE21 /* LoginViewController.swift */ = {isa = PBXFileReference; lastKnownFileType = sourcecode.swift; path = LoginViewController.swift; sourceTree = "<group>"; };
		CDCE2FFD218B9E580050BE21 /* RegisterViewController.swift */ = {isa = PBXFileReference; lastKnownFileType = sourcecode.swift; path = RegisterViewController.swift; sourceTree = "<group>"; };
/* End PBXFileReference section */

/* Begin PBXFrameworksBuildPhase section */
		6AC92C3921837E6300A4C306 /* Frameworks */ = {
			isa = PBXFrameworksBuildPhase;
			buildActionMask = 2147483647;
			files = (
				6AC92C6D21837EBF00A4C306 /* Alamofire.framework in Frameworks */,
			);
			runOnlyForDeploymentPostprocessing = 0;
		};
/* End PBXFrameworksBuildPhase section */

/* Begin PBXGroup section */
		6AC92C3321837E6300A4C306 = {
			isa = PBXGroup;
			children = (
				6AC92C5421837E9400A4C306 /* Alamofire.xcodeproj */,
				6AC92C3E21837E6300A4C306 /* iMovie_Night */,
				6AC92C3D21837E6300A4C306 /* Products */,
			);
			sourceTree = "<group>";
		};
		6AC92C3D21837E6300A4C306 /* Products */ = {
			isa = PBXGroup;
			children = (
				6AC92C3C21837E6300A4C306 /* iMovie_Night.app */,
			);
			name = Products;
			sourceTree = "<group>";
		};
		6AC92C3E21837E6300A4C306 /* iMovie_Night */ = {
			isa = PBXGroup;
			children = (
				6AC92C762183867C00A4C306 /* Network */,
				6AC92C752183866000A4C306 /* ViewController */,
				6AC92C742183865300A4C306 /* Model */,
				6AC92C732183864C00A4C306 /* Resources */,
				6AC92C722183863700A4C306 /* Main */,
				6AC92C4921837E6400A4C306 /* Assets.xcassets */,
				6AC92C4E21837E6400A4C306 /* Info.plist */,
				6AC92C4621837E6300A4C306 /* iMovie_Night.xcdatamodeld */,
			);
			path = iMovie_Night;
			sourceTree = "<group>";
		};
		6AC92C5521837E9400A4C306 /* Products */ = {
			isa = PBXGroup;
			children = (
				6AC92C6021837E9400A4C306 /* Alamofire.framework */,
				6AC92C6221837E9400A4C306 /* Alamofire iOS Tests.xctest */,
				6AC92C6421837E9400A4C306 /* Alamofire.framework */,
				6AC92C6621837E9400A4C306 /* Alamofire macOS Tests.xctest */,
				6AC92C6821837E9400A4C306 /* Alamofire.framework */,
				6AC92C6A21837E9400A4C306 /* Alamofire tvOS Tests.xctest */,
				6AC92C6C21837E9400A4C306 /* Alamofire.framework */,
			);
			name = Products;
			sourceTree = "<group>";
		};
		6AC92C722183863700A4C306 /* Main */ = {
			isa = PBXGroup;
			children = (
				6AC92C3F21837E6300A4C306 /* AppDelegate.swift */,
			);
			path = Main;
			sourceTree = "<group>";
		};
		6AC92C732183864C00A4C306 /* Resources */ = {
			isa = PBXGroup;
			children = (
				6AC92C4B21837E6400A4C306 /* LaunchScreen.storyboard */,
				6AC92C4321837E6300A4C306 /* Main.storyboard */,
			);
			path = Resources;
			sourceTree = "<group>";
		};
		6AC92C742183865300A4C306 /* Model */ = {
			isa = PBXGroup;
			children = (
				6AC92C772183875700A4C306 /* Snack.swift */,
				6AC92C792183876E00A4C306 /* MediaContent.swift */,
				6AC92C7C218388AA00A4C306 /* Snacklist.swift */,
				6AC92C7E218388C000A4C306 /* Playlist.swift */,
				6AC92C8021838B7600A4C306 /* Responsibility.swift */,
				6AC92C82218392F600A4C306 /* Event.swift */,
				6AC92C842183974400A4C306 /* User.swift */,
				6AC92C862183976400A4C306 /* Rol.swift */,
				6AC92C8821839D5700A4C306 /* Title.swift */,
				6A8B24832194F4F1002BBF7D /* GlobalVariables.swift */,
			);
			path = Model;
			sourceTree = "<group>";
		};
		6AC92C752183866000A4C306 /* ViewController */ = {
			isa = PBXGroup;
			children = (
				6AC92C4121837E6300A4C306 /* ViewController.swift */,
				CDCE2FF4218B9E150050BE21 /* LoginViewController.swift */,
				CDCE2FFD218B9E580050BE21 /* RegisterViewController.swift */,
			);
			path = ViewController;
			sourceTree = "<group>";
		};
		6AC92C762183867C00A4C306 /* Network */ = {
			isa = PBXGroup;
			children = (
				6AC92C8A2183A18400A4C306 /* MovieNightResponse.swift */,
				6AC92C8E2183A38600A4C306 /* SearchResponse.swift */,
				6AC92C902183B4B900A4C306 /* OmdbApi.swift */,
				6AC92C922183B87400A4C306 /* MovieNightApi.swift */,
				6AF9317E2192C69F007B4C43 /* SigninResponse.swift */,
			);
			path = Network;
			sourceTree = "<group>";
		};
/* End PBXGroup section */

/* Begin PBXNativeTarget section */
		6AC92C3B21837E6300A4C306 /* iMovie_Night */ = {
			isa = PBXNativeTarget;
			buildConfigurationList = 6AC92C5121837E6400A4C306 /* Build configuration list for PBXNativeTarget "iMovie_Night" */;
			buildPhases = (
				6AC92C3821837E6300A4C306 /* Sources */,
				6AC92C3921837E6300A4C306 /* Frameworks */,
				6AC92C3A21837E6300A4C306 /* Resources */,
				6AC92C7121837EBF00A4C306 /* Embed Frameworks */,
			);
			buildRules = (
			);
			dependencies = (
				6AC92C7021837EBF00A4C306 /* PBXTargetDependency */,
			);
			name = iMovie_Night;
			productName = iMovie_Night;
			productReference = 6AC92C3C21837E6300A4C306 /* iMovie_Night.app */;
			productType = "com.apple.product-type.application";
		};
/* End PBXNativeTarget section */

/* Begin PBXProject section */
		6AC92C3421837E6300A4C306 /* Project object */ = {
			isa = PBXProject;
			attributes = {
				LastSwiftUpdateCheck = 1000;
				LastUpgradeCheck = 1000;
				ORGANIZATIONNAME = UPC;
				TargetAttributes = {
					6AC92C3B21837E6300A4C306 = {
						CreatedOnToolsVersion = 10.0;
					};
				};
			};
			buildConfigurationList = 6AC92C3721837E6300A4C306 /* Build configuration list for PBXProject "iMovie_Night" */;
			compatibilityVersion = "Xcode 9.3";
			developmentRegion = en;
			hasScannedForEncodings = 0;
			knownRegions = (
				en,
				Base,
			);
			mainGroup = 6AC92C3321837E6300A4C306;
			productRefGroup = 6AC92C3D21837E6300A4C306 /* Products */;
			projectDirPath = "";
			projectReferences = (
				{
					ProductGroup = 6AC92C5521837E9400A4C306 /* Products */;
					ProjectRef = 6AC92C5421837E9400A4C306 /* Alamofire.xcodeproj */;
				},
			);
			projectRoot = "";
			targets = (
				6AC92C3B21837E6300A4C306 /* iMovie_Night */,
			);
		};
/* End PBXProject section */

/* Begin PBXReferenceProxy section */
		6AC92C6021837E9400A4C306 /* Alamofire.framework */ = {
			isa = PBXReferenceProxy;
			fileType = wrapper.framework;
			path = Alamofire.framework;
			remoteRef = 6AC92C5F21837E9400A4C306 /* PBXContainerItemProxy */;
			sourceTree = BUILT_PRODUCTS_DIR;
		};
		6AC92C6221837E9400A4C306 /* Alamofire iOS Tests.xctest */ = {
			isa = PBXReferenceProxy;
			fileType = wrapper.cfbundle;
			path = "Alamofire iOS Tests.xctest";
			remoteRef = 6AC92C6121837E9400A4C306 /* PBXContainerItemProxy */;
			sourceTree = BUILT_PRODUCTS_DIR;
		};
		6AC92C6421837E9400A4C306 /* Alamofire.framework */ = {
			isa = PBXReferenceProxy;
			fileType = wrapper.framework;
			path = Alamofire.framework;
			remoteRef = 6AC92C6321837E9400A4C306 /* PBXContainerItemProxy */;
			sourceTree = BUILT_PRODUCTS_DIR;
		};
		6AC92C6621837E9400A4C306 /* Alamofire macOS Tests.xctest */ = {
			isa = PBXReferenceProxy;
			fileType = wrapper.cfbundle;
			path = "Alamofire macOS Tests.xctest";
			remoteRef = 6AC92C6521837E9400A4C306 /* PBXContainerItemProxy */;
			sourceTree = BUILT_PRODUCTS_DIR;
		};
		6AC92C6821837E9400A4C306 /* Alamofire.framework */ = {
			isa = PBXReferenceProxy;
			fileType = wrapper.framework;
			path = Alamofire.framework;
			remoteRef = 6AC92C6721837E9400A4C306 /* PBXContainerItemProxy */;
			sourceTree = BUILT_PRODUCTS_DIR;
		};
		6AC92C6A21837E9400A4C306 /* Alamofire tvOS Tests.xctest */ = {
			isa = PBXReferenceProxy;
			fileType = wrapper.cfbundle;
			path = "Alamofire tvOS Tests.xctest";
			remoteRef = 6AC92C6921837E9400A4C306 /* PBXContainerItemProxy */;
			sourceTree = BUILT_PRODUCTS_DIR;
		};
		6AC92C6C21837E9400A4C306 /* Alamofire.framework */ = {
			isa = PBXReferenceProxy;
			fileType = wrapper.framework;
			path = Alamofire.framework;
			remoteRef = 6AC92C6B21837E9400A4C306 /* PBXContainerItemProxy */;
			sourceTree = BUILT_PRODUCTS_DIR;
		};
/* End PBXReferenceProxy section */

/* Begin PBXResourcesBuildPhase section */
		6AC92C3A21837E6300A4C306 /* Resources */ = {
			isa = PBXResourcesBuildPhase;
			buildActionMask = 2147483647;
			files = (
				6AC92C4D21837E6400A4C306 /* LaunchScreen.storyboard in Resources */,
				6AC92C4A21837E6400A4C306 /* Assets.xcassets in Resources */,
				6AC92C4521837E6300A4C306 /* Main.storyboard in Resources */,
			);
			runOnlyForDeploymentPostprocessing = 0;
		};
/* End PBXResourcesBuildPhase section */

/* Begin PBXSourcesBuildPhase section */
		6AC92C3821837E6300A4C306 /* Sources */ = {
			isa = PBXSourcesBuildPhase;
			buildActionMask = 2147483647;
			files = (
				6AC92C7A2183876E00A4C306 /* MediaContent.swift in Sources */,
				6AC92C83218392F600A4C306 /* Event.swift in Sources */,
				6AC92C932183B87400A4C306 /* MovieNightApi.swift in Sources */,
				6AC92C4221837E6300A4C306 /* ViewController.swift in Sources */,
				6AC92C7D218388AA00A4C306 /* Snacklist.swift in Sources */,
				6AC92C8921839D5700A4C306 /* Title.swift in Sources */,
				6AC92C7F218388C000A4C306 /* Playlist.swift in Sources */,
				6AC92C4021837E6300A4C306 /* AppDelegate.swift in Sources */,
				6AC92C872183976400A4C306 /* Rol.swift in Sources */,
				CDCE2FFE218B9E580050BE21 /* RegisterViewController.swift in Sources */,
				6AC92C782183875700A4C306 /* Snack.swift in Sources */,
				6AC92C4821837E6300A4C306 /* iMovie_Night.xcdatamodeld in Sources */,
				6AC92C8F2183A38600A4C306 /* SearchResponse.swift in Sources */,
				6AC92C852183974400A4C306 /* User.swift in Sources */,
				6A8B24842194F4F1002BBF7D /* GlobalVariables.swift in Sources */,
				CDCE2FF5218B9E150050BE21 /* LoginViewController.swift in Sources */,
				6AF9317F2192C69F007B4C43 /* SigninResponse.swift in Sources */,
				6AC92C8B2183A18400A4C306 /* MovieNightResponse.swift in Sources */,
				6AC92C8121838B7600A4C306 /* Responsibility.swift in Sources */,
				6AC92C912183B4B900A4C306 /* OmdbApi.swift in Sources */,
			);
			runOnlyForDeploymentPostprocessing = 0;
		};
/* End PBXSourcesBuildPhase section */

/* Begin PBXTargetDependency section */
		6AC92C7021837EBF00A4C306 /* PBXTargetDependency */ = {
			isa = PBXTargetDependency;
			name = "Alamofire iOS";
			targetProxy = 6AC92C6F21837EBF00A4C306 /* PBXContainerItemProxy */;
		};
/* End PBXTargetDependency section */

/* Begin PBXVariantGroup section */
		6AC92C4321837E6300A4C306 /* Main.storyboard */ = {
			isa = PBXVariantGroup;
			children = (
				6AC92C4421837E6300A4C306 /* Base */,
			);
			name = Main.storyboard;
			sourceTree = "<group>";
		};
		6AC92C4B21837E6400A4C306 /* LaunchScreen.storyboard */ = {
			isa = PBXVariantGroup;
			children = (
				6AC92C4C21837E6400A4C306 /* Base */,
			);
			name = LaunchScreen.storyboard;
			sourceTree = "<group>";
		};
/* End PBXVariantGroup section */

/* Begin XCBuildConfiguration section */
		6AC92C4F21837E6400A4C306 /* Debug */ = {
			isa = XCBuildConfiguration;
			buildSettings = {
				ALWAYS_SEARCH_USER_PATHS = NO;
				CLANG_ANALYZER_NONNULL = YES;
				CLANG_ANALYZER_NUMBER_OBJECT_CONVERSION = YES_AGGRESSIVE;
				CLANG_CXX_LANGUAGE_STANDARD = "gnu++14";
				CLANG_CXX_LIBRARY = "libc++";
				CLANG_ENABLE_MODULES = YES;
				CLANG_ENABLE_OBJC_ARC = YES;
				CLANG_ENABLE_OBJC_WEAK = YES;
				CLANG_WARN_BLOCK_CAPTURE_AUTORELEASING = YES;
				CLANG_WARN_BOOL_CONVERSION = YES;
				CLANG_WARN_COMMA = YES;
				CLANG_WARN_CONSTANT_CONVERSION = YES;
				CLANG_WARN_DEPRECATED_OBJC_IMPLEMENTATIONS = YES;
				CLANG_WARN_DIRECT_OBJC_ISA_USAGE = YES_ERROR;
				CLANG_WARN_DOCUMENTATION_COMMENTS = YES;
				CLANG_WARN_EMPTY_BODY = YES;
				CLANG_WARN_ENUM_CONVERSION = YES;
				CLANG_WARN_INFINITE_RECURSION = YES;
				CLANG_WARN_INT_CONVERSION = YES;
				CLANG_WARN_NON_LITERAL_NULL_CONVERSION = YES;
				CLANG_WARN_OBJC_IMPLICIT_RETAIN_SELF = YES;
				CLANG_WARN_OBJC_LITERAL_CONVERSION = YES;
				CLANG_WARN_OBJC_ROOT_CLASS = YES_ERROR;
				CLANG_WARN_RANGE_LOOP_ANALYSIS = YES;
				CLANG_WARN_STRICT_PROTOTYPES = YES;
				CLANG_WARN_SUSPICIOUS_MOVE = YES;
				CLANG_WARN_UNGUARDED_AVAILABILITY = YES_AGGRESSIVE;
				CLANG_WARN_UNREACHABLE_CODE = YES;
				CLANG_WARN__DUPLICATE_METHOD_MATCH = YES;
				CODE_SIGN_IDENTITY = "iPhone Developer";
				COPY_PHASE_STRIP = NO;
				DEBUG_INFORMATION_FORMAT = dwarf;
				ENABLE_STRICT_OBJC_MSGSEND = YES;
				ENABLE_TESTABILITY = YES;
				GCC_C_LANGUAGE_STANDARD = gnu11;
				GCC_DYNAMIC_NO_PIC = NO;
				GCC_NO_COMMON_BLOCKS = YES;
				GCC_OPTIMIZATION_LEVEL = 0;
				GCC_PREPROCESSOR_DEFINITIONS = (
					"DEBUG=1",
					"$(inherited)",
				);
				GCC_WARN_64_TO_32_BIT_CONVERSION = YES;
				GCC_WARN_ABOUT_RETURN_TYPE = YES_ERROR;
				GCC_WARN_UNDECLARED_SELECTOR = YES;
				GCC_WARN_UNINITIALIZED_AUTOS = YES_AGGRESSIVE;
				GCC_WARN_UNUSED_FUNCTION = YES;
				GCC_WARN_UNUSED_VARIABLE = YES;
				IPHONEOS_DEPLOYMENT_TARGET = 12.0;
				MTL_ENABLE_DEBUG_INFO = INCLUDE_SOURCE;
				MTL_FAST_MATH = YES;
				ONLY_ACTIVE_ARCH = YES;
				SDKROOT = iphoneos;
				SWIFT_ACTIVE_COMPILATION_CONDITIONS = DEBUG;
				SWIFT_OPTIMIZATION_LEVEL = "-Onone";
			};
			name = Debug;
		};
		6AC92C5021837E6400A4C306 /* Release */ = {
			isa = XCBuildConfiguration;
			buildSettings = {
				ALWAYS_SEARCH_USER_PATHS = NO;
				CLANG_ANALYZER_NONNULL = YES;
				CLANG_ANALYZER_NUMBER_OBJECT_CONVERSION = YES_AGGRESSIVE;
				CLANG_CXX_LANGUAGE_STANDARD = "gnu++14";
				CLANG_CXX_LIBRARY = "libc++";
				CLANG_ENABLE_MODULES = YES;
				CLANG_ENABLE_OBJC_ARC = YES;
				CLANG_ENABLE_OBJC_WEAK = YES;
				CLANG_WARN_BLOCK_CAPTURE_AUTORELEASING = YES;
				CLANG_WARN_BOOL_CONVERSION = YES;
				CLANG_WARN_COMMA = YES;
				CLANG_WARN_CONSTANT_CONVERSION = YES;
				CLANG_WARN_DEPRECATED_OBJC_IMPLEMENTATIONS = YES;
				CLANG_WARN_DIRECT_OBJC_ISA_USAGE = YES_ERROR;
				CLANG_WARN_DOCUMENTATION_COMMENTS = YES;
				CLANG_WARN_EMPTY_BODY = YES;
				CLANG_WARN_ENUM_CONVERSION = YES;
				CLANG_WARN_INFINITE_RECURSION = YES;
				CLANG_WARN_INT_CONVERSION = YES;
				CLANG_WARN_NON_LITERAL_NULL_CONVERSION = YES;
				CLANG_WARN_OBJC_IMPLICIT_RETAIN_SELF = YES;
				CLANG_WARN_OBJC_LITERAL_CONVERSION = YES;
				CLANG_WARN_OBJC_ROOT_CLASS = YES_ERROR;
				CLANG_WARN_RANGE_LOOP_ANALYSIS = YES;
				CLANG_WARN_STRICT_PROTOTYPES = YES;
				CLANG_WARN_SUSPICIOUS_MOVE = YES;
				CLANG_WARN_UNGUARDED_AVAILABILITY = YES_AGGRESSIVE;
				CLANG_WARN_UNREACHABLE_CODE = YES;
				CLANG_WARN__DUPLICATE_METHOD_MATCH = YES;
				CODE_SIGN_IDENTITY = "iPhone Developer";
				COPY_PHASE_STRIP = NO;
				DEBUG_INFORMATION_FORMAT = "dwarf-with-dsym";
				ENABLE_NS_ASSERTIONS = NO;
				ENABLE_STRICT_OBJC_MSGSEND = YES;
				GCC_C_LANGUAGE_STANDARD = gnu11;
				GCC_NO_COMMON_BLOCKS = YES;
				GCC_WARN_64_TO_32_BIT_CONVERSION = YES;
				GCC_WARN_ABOUT_RETURN_TYPE = YES_ERROR;
				GCC_WARN_UNDECLARED_SELECTOR = YES;
				GCC_WARN_UNINITIALIZED_AUTOS = YES_AGGRESSIVE;
				GCC_WARN_UNUSED_FUNCTION = YES;
				GCC_WARN_UNUSED_VARIABLE = YES;
				IPHONEOS_DEPLOYMENT_TARGET = 12.0;
				MTL_ENABLE_DEBUG_INFO = NO;
				MTL_FAST_MATH = YES;
				SDKROOT = iphoneos;
				SWIFT_COMPILATION_MODE = wholemodule;
				SWIFT_OPTIMIZATION_LEVEL = "-O";
				VALIDATE_PRODUCT = YES;
			};
			name = Release;
		};
		6AC92C5221837E6400A4C306 /* Debug */ = {
			isa = XCBuildConfiguration;
			buildSettings = {
				ALWAYS_EMBED_SWIFT_STANDARD_LIBRARIES = YES;
				ASSETCATALOG_COMPILER_APPICON_NAME = AppIcon;
				CODE_SIGN_STYLE = Automatic;
				DEVELOPMENT_TEAM = 995MBG3YJ9;
				INFOPLIST_FILE = iMovie_Night/Info.plist;
				LD_RUNPATH_SEARCH_PATHS = (
					"$(inherited)",
					"@executable_path/Frameworks",
				);
				PRODUCT_BUNDLE_IDENTIFIER = "pe.edu.upc.iMovie-Night";
				PRODUCT_NAME = "$(TARGET_NAME)";
				SWIFT_VERSION = 4.2;
				TARGETED_DEVICE_FAMILY = "1,2";
			};
			name = Debug;
		};
		6AC92C5321837E6400A4C306 /* Release */ = {
			isa = XCBuildConfiguration;
			buildSettings = {
				ALWAYS_EMBED_SWIFT_STANDARD_LIBRARIES = YES;
				ASSETCATALOG_COMPILER_APPICON_NAME = AppIcon;
				CODE_SIGN_STYLE = Automatic;
				DEVELOPMENT_TEAM = 995MBG3YJ9;
				INFOPLIST_FILE = iMovie_Night/Info.plist;
				LD_RUNPATH_SEARCH_PATHS = (
					"$(inherited)",
					"@executable_path/Frameworks",
				);
				PRODUCT_BUNDLE_IDENTIFIER = "pe.edu.upc.iMovie-Night";
				PRODUCT_NAME = "$(TARGET_NAME)";
				SWIFT_VERSION = 4.2;
				TARGETED_DEVICE_FAMILY = "1,2";
			};
			name = Release;
		};
/* End XCBuildConfiguration section */

/* Begin XCConfigurationList section */
		6AC92C3721837E6300A4C306 /* Build configuration list for PBXProject "iMovie_Night" */ = {
			isa = XCConfigurationList;
			buildConfigurations = (
				6AC92C4F21837E6400A4C306 /* Debug */,
				6AC92C5021837E6400A4C306 /* Release */,
			);
			defaultConfigurationIsVisible = 0;
			defaultConfigurationName = Release;
		};
		6AC92C5121837E6400A4C306 /* Build configuration list for PBXNativeTarget "iMovie_Night" */ = {
			isa = XCConfigurationList;
			buildConfigurations = (
				6AC92C5221837E6400A4C306 /* Debug */,
				6AC92C5321837E6400A4C306 /* Release */,
			);
			defaultConfigurationIsVisible = 0;
			defaultConfigurationName = Release;
		};
/* End XCConfigurationList section */

/* Begin XCVersionGroup section */
		6AC92C4621837E6300A4C306 /* iMovie_Night.xcdatamodeld */ = {
			isa = XCVersionGroup;
			children = (
				6AC92C4721837E6300A4C306 /* iMovie_Night.xcdatamodel */,
			);
			currentVersion = 6AC92C4721837E6300A4C306 /* iMovie_Night.xcdatamodel */;
			path = iMovie_Night.xcdatamodeld;
			sourceTree = "<group>";
			versionGroupType = wrapper.xcdatamodel;
		};
/* End XCVersionGroup section */
	};
	rootObject = 6AC92C3421837E6300A4C306 /* Project object */;
}
